
Microsoft Visual Studio Solution File, Format Version 11.00
# Visual Studio 2010
Project("{2150E333-8FDC-42A3-9474-1A3956D46DE8}") = "Core", "Core", "{0E628EAF-27EC-49E3-9BF5-26113A5F8576}"
EndProject
Project("{2150E333-8FDC-42A3-9474-1A3956D46DE8}") = "Application", "Application", "{CCAD0AF2-0B14-4083-8930-E17E1282F8B7}"
EndProject
Project("{2150E333-8FDC-42A3-9474-1A3956D46DE8}") = "Win32", "Win32", "{BD8F3D8A-9CE9-404F-913D-A440F6716D56}"
EndProject
Project("{2150E333-8FDC-42A3-9474-1A3956D46DE8}") = "WinCE", "WinCE", "{507A7F44-98A1-49E6-B9EE-CC875F92AA47}"
EndProject
Project("{2150E333-8FDC-42A3-9474-1A3956D46DE8}") = "Infrastructure", "Infrastructure", "{EECD9DE1-32E7-4C9C-9EB6-91295B1C5CDE}"
EndProject
Project("{2150E333-8FDC-42A3-9474-1A3956D46DE8}") = "Other", "Other", "{1F5BBB99-DA61-4250-B6E0-4DB3A0573A4F}"
EndProject
Project("{FAE04EC0-301F-11D3-BF4B-00C04F79EFBC}") = "BLL", "BLL\BLL.csproj", "{3AE4977D-378E-4B00-8C45-4B8AA316F928}"
EndProject
Project("{FAE04EC0-301F-11D3-BF4B-00C04F79EFBC}") = "Entity", "Entity\Entity.csproj", "{DF80870E-3F74-46C9-8DC8-A35F2406D7D4}"
EndProject
Project("{FAE04EC0-301F-11D3-BF4B-00C04F79EFBC}") = "DAL", "DAL\DAL.csproj", "{9237CAAC-CF56-4B80-B342-017750844091}"
EndProject
Project("{FAE04EC0-301F-11D3-BF4B-00C04F79EFBC}") = "SFIS_V2_Form", "UI\WinForm\SFIS_V2_Form.csproj", "{820C0CFF-DC3A-4031-A63B-73A20309D600}"
EndProject
Project("{FAE04EC0-301F-11D3-BF4B-00C04F79EFBC}") = "SFIS_WEBSERVICES", "SFIS_WEBSERVICES\SFIS_WEBSERVICES.csproj", "{7C507905-F63B-4AB7-8DA5-9AD6D3C076D5}"
EndProject
Project("{FAE04EC0-301F-11D3-BF4B-00C04F79EFBC}") = "CreateWebServicesDll", "refWebServices\CreateWebServicesDll.csproj", "{480FC105-A82F-40D7-9AA3-68DA7FEBBCBE}"
EndProject
Project("{FAE04EC0-301F-11D3-BF4B-00C04F79EFBC}") = "更新WebServices引用", "更新WebServices引用\更新WebServices引用.csproj", "{D5E4CE00-7402-4DA9-9860-667C6B83E12D}"
EndProject
Project("{FAE04EC0-301F-11D3-BF4B-00C04F79EFBC}") = "测试用例", "测试用例\测试用例.csproj", "{1F6F0F39-5F1C-4776-B93E-87B61999FF10}"
EndProject
Project("{FAE04EC0-301F-11D3-BF4B-00C04F79EFBC}") = "SFIS_PRINT_SYSTEM", "SFIS_PRINT_SYSTEM\SFIS_PRINT_SYSTEM.csproj", "{BD923366-7D82-4871-B41F-E2B3151DD843}"
EndProject
Project("{FAE04EC0-301F-11D3-BF4B-00C04F79EFBC}") = "SAPConnect", "SAPConnect\SAPConnect.csproj", "{6E73FC8A-1859-4FEC-8757-75FBB3ABAD79}"
EndProject
Project("{FAE04EC0-301F-11D3-BF4B-00C04F79EFBC}") = "UserDictionary", "Dis\UserDictionary.csproj", "{037FB31E-465E-4382-A7C9-AEEFD617BECB}"
EndProject
Project("{FAE04EC0-301F-11D3-BF4B-00C04F79EFBC}") = "SFIS_DCT_V2", "SFIS_DCT_V2\SFIS_DCT_V2\SFIS_DCT_V2.csproj", "{E04F9D7F-A4DE-4796-AE20-F7936162A14B}"
EndProject
Project("{FAE04EC0-301F-11D3-BF4B-00C04F79EFBC}") = "Notice", "Notice\Notice.csproj", "{F58A0E2E-5435-4F5E-B156-D2F5717FCFB9}"
EndProject
Project("{FAE04EC0-301F-11D3-BF4B-00C04F79EFBC}") = "Ram", "Ram\Ram.csproj", "{28FDFF7A-1F13-42D9-8A76-83D24596D7BA}"
EndProject
Project("{FAE04EC0-301F-11D3-BF4B-00C04F79EFBC}") = "PubCsPrint", "CodeSoftPrint\PubCsPrint.csproj", "{428FD852-3576-4683-A298-F8E4471EE098}"
EndProject
Project("{FAE04EC0-301F-11D3-BF4B-00C04F79EFBC}") = "SocketClient", "SocketClient\SocketClient.csproj", "{056E4CAC-F6BC-489C-B80C-ED42635FF26E}"
EndProject
Project("{FAE04EC0-301F-11D3-BF4B-00C04F79EFBC}") = "AutoSaveLog", "AutoSaveLog\AutoSaveLog.csproj", "{D90BA021-5EC5-42E9-9FBA-B848E04B7689}"
EndProject
Project("{FAE04EC0-301F-11D3-BF4B-00C04F79EFBC}") = "测试用例1", "测试用例1\测试用例1.csproj", "{6662B784-A60A-41C2-AC22-E5CE141CDDCD}"
EndProject
Project("{FAE04EC0-301F-11D3-BF4B-00C04F79EFBC}") = "Frm_iSCM", "iSCM\Frm_iSCM\Frm_iSCM.csproj", "{ACE22606-0EFC-414F-AD83-5589DDA4E20E}"
EndProject
Project("{FAE04EC0-301F-11D3-BF4B-00C04F79EFBC}") = "ReworkInput", "ReworkInput\ReworkInput\ReworkInput.csproj", "{0950AF1F-243A-4FA6-B363-BA0BF842E625}"
EndProject
Project("{FAE04EC0-301F-11D3-BF4B-00C04F79EFBC}") = "TEST_INPUT", "TEST_INPUT\TEST_INPUT.csproj", "{A5DA4D21-EEA2-4B15-AA3F-4AE2F30C06AE}"
EndProject
Project("{FAE04EC0-301F-11D3-BF4B-00C04F79EFBC}") = "frm_sap", "TESTSAP\frm_sap\frm_sap.csproj", "{A6D78600-0F88-4C99-A604-9AB16684475C}"
EndProject
Project("{FAE04EC0-301F-11D3-BF4B-00C04F79EFBC}") = "SFIS_PRINT_SYSTEM_WIFI", "SFIS_PRINT_SYSTEM_WIFI\SFIS_PRINT_SYSTEM_WIFI.csproj", "{BA0E3CDB-D44C-4154-9DF3-60DE5C4766BD}"
EndProject
Project("{FAE04EC0-301F-11D3-BF4B-00C04F79EFBC}") = "Packing_Ctn", "Packing_Ctn\Packing_Ctn.csproj", "{99430C0A-5B87-48E3-BF8D-E8A7FB7A2997}"
EndProject
Project("{FAE04EC0-301F-11D3-BF4B-00C04F79EFBC}") = "SFIS_DCT_INPUT", "SFIS_DCT_INPUT\SFIS_DCT_INPUT.csproj", "{4D0568CA-67D4-491E-8697-2EA23FF0FE5C}"
EndProject
Project("{FAE04EC0-301F-11D3-BF4B-00C04F79EFBC}") = "Frm_TEST_INPUT", "Frm_TEST_INPUT\Frm_TEST_INPUT.csproj", "{F0D15459-DC04-44CE-BD58-F3F0F76E1445}"
EndProject
Project("{FAE04EC0-301F-11D3-BF4B-00C04F79EFBC}") = "SMT_STOCKIN", "SMT_STOCKIN\SMT_STOCKIN.csproj", "{F21CD747-0D55-4F92-ACA3-FBD794FE8485}"
EndProject
Project("{FAE04EC0-301F-11D3-BF4B-00C04F79EFBC}") = "MsgNotice", "MsgNotice\MsgNotice.csproj", "{DB7F0DF8-2878-4F3B-82AF-E8C22AD5145F}"
EndProject
Project("{FAE04EC0-301F-11D3-BF4B-00C04F79EFBC}") = "Stocking_In", "Stocking_In\Stocking_In.csproj", "{F8B54D7E-97F1-4D94-8F80-51333713FBD4}"
EndProject
Project("{FAE04EC0-301F-11D3-BF4B-00C04F79EFBC}") = "Frm_Test", "测试TEST\Frm_Test\Frm_Test.csproj", "{AEDC0E02-F37A-41AD-9AA9-6488D26C6718}"
EndProject
Global
	GlobalSection(SolutionConfigurationPlatforms) = preSolution
		Debug|Any CPU = Debug|Any CPU
		Debug|Mixed Platforms = Debug|Mixed Platforms
		Debug|x86 = Debug|x86
		Release|Any CPU = Release|Any CPU
		Release|Mixed Platforms = Release|Mixed Platforms
		Release|x86 = Release|x86
		Standard|Any CPU = Standard|Any CPU
		Standard|Mixed Platforms = Standard|Mixed Platforms
		Standard|x86 = Standard|x86
		xxx|Any CPU = xxx|Any CPU
		xxx|Mixed Platforms = xxx|Mixed Platforms
		xxx|x86 = xxx|x86
	EndGlobalSection
	GlobalSection(ProjectConfigurationPlatforms) = postSolution
		{3AE4977D-378E-4B00-8C45-4B8AA316F928}.Debug|Any CPU.ActiveCfg = Debug|Any CPU
		{3AE4977D-378E-4B00-8C45-4B8AA316F928}.Debug|Any CPU.Build.0 = Debug|Any CPU
		{3AE4977D-378E-4B00-8C45-4B8AA316F928}.Debug|Mixed Platforms.ActiveCfg = Debug|Any CPU
		{3AE4977D-378E-4B00-8C45-4B8AA316F928}.Debug|Mixed Platforms.Build.0 = Debug|Any CPU
		{3AE4977D-378E-4B00-8C45-4B8AA316F928}.Debug|x86.ActiveCfg = Debug|Any CPU
		{3AE4977D-378E-4B00-8C45-4B8AA316F928}.Release|Any CPU.ActiveCfg = Release|Any CPU
		{3AE4977D-378E-4B00-8C45-4B8AA316F928}.Release|Any CPU.Build.0 = Release|Any CPU
		{3AE4977D-378E-4B00-8C45-4B8AA316F928}.Release|Mixed Platforms.ActiveCfg = Release|Any CPU
		{3AE4977D-378E-4B00-8C45-4B8AA316F928}.Release|Mixed Platforms.Build.0 = Release|Any CPU
		{3AE4977D-378E-4B00-8C45-4B8AA316F928}.Release|x86.ActiveCfg = Release|Any CPU
		{3AE4977D-378E-4B00-8C45-4B8AA316F928}.Standard|Any CPU.ActiveCfg = Release|Any CPU
		{3AE4977D-378E-4B00-8C45-4B8AA316F928}.Standard|Any CPU.Build.0 = Release|Any CPU
		{3AE4977D-378E-4B00-8C45-4B8AA316F928}.Standard|Mixed Platforms.ActiveCfg = xxx|Any CPU
		{3AE4977D-378E-4B00-8C45-4B8AA316F928}.Standard|Mixed Platforms.Build.0 = xxx|Any CPU
		{3AE4977D-378E-4B00-8C45-4B8AA316F928}.Standard|x86.ActiveCfg = xxx|Any CPU
		{3AE4977D-378E-4B00-8C45-4B8AA316F928}.xxx|Any CPU.ActiveCfg = Debug|Any CPU
		{3AE4977D-378E-4B00-8C45-4B8AA316F928}.xxx|Any CPU.Build.0 = Debug|Any CPU
		{3AE4977D-378E-4B00-8C45-4B8AA316F928}.xxx|Mixed Platforms.ActiveCfg = xxx|Any CPU
		{3AE4977D-378E-4B00-8C45-4B8AA316F928}.xxx|Mixed Platforms.Build.0 = xxx|Any CPU
		{3AE4977D-378E-4B00-8C45-4B8AA316F928}.xxx|x86.ActiveCfg = xxx|Any CPU
		{DF80870E-3F74-46C9-8DC8-A35F2406D7D4}.Debug|Any CPU.ActiveCfg = Debug|Any CPU
		{DF80870E-3F74-46C9-8DC8-A35F2406D7D4}.Debug|Any CPU.Build.0 = Debug|Any CPU
		{DF80870E-3F74-46C9-8DC8-A35F2406D7D4}.Debug|Mixed Platforms.ActiveCfg = Debug|Any CPU
		{DF80870E-3F74-46C9-8DC8-A35F2406D7D4}.Debug|Mixed Platforms.Build.0 = Debug|Any CPU
		{DF80870E-3F74-46C9-8DC8-A35F2406D7D4}.Debug|x86.ActiveCfg = Debug|Any CPU
		{DF80870E-3F74-46C9-8DC8-A35F2406D7D4}.Release|Any CPU.ActiveCfg = Release|Any CPU
		{DF80870E-3F74-46C9-8DC8-A35F2406D7D4}.Release|Any CPU.Build.0 = Release|Any CPU
		{DF80870E-3F74-46C9-8DC8-A35F2406D7D4}.Release|Mixed Platforms.ActiveCfg = Release|Any CPU
		{DF80870E-3F74-46C9-8DC8-A35F2406D7D4}.Release|x86.ActiveCfg = Release|Any CPU
		{DF80870E-3F74-46C9-8DC8-A35F2406D7D4}.Standard|Any CPU.ActiveCfg = Release|Any CPU
		{DF80870E-3F74-46C9-8DC8-A35F2406D7D4}.Standard|Any CPU.Build.0 = Release|Any CPU
		{DF80870E-3F74-46C9-8DC8-A35F2406D7D4}.Standard|Mixed Platforms.ActiveCfg = xxx|Any CPU
		{DF80870E-3F74-46C9-8DC8-A35F2406D7D4}.Standard|Mixed Platforms.Build.0 = xxx|Any CPU
		{DF80870E-3F74-46C9-8DC8-A35F2406D7D4}.Standard|x86.ActiveCfg = xxx|Any CPU
		{DF80870E-3F74-46C9-8DC8-A35F2406D7D4}.xxx|Any CPU.ActiveCfg = Debug|Any CPU
		{DF80870E-3F74-46C9-8DC8-A35F2406D7D4}.xxx|Any CPU.Build.0 = Debug|Any CPU
		{DF80870E-3F74-46C9-8DC8-A35F2406D7D4}.xxx|Mixed Platforms.ActiveCfg = xxx|Any CPU
		{DF80870E-3F74-46C9-8DC8-A35F2406D7D4}.xxx|Mixed Platforms.Build.0 = xxx|Any CPU
		{DF80870E-3F74-46C9-8DC8-A35F2406D7D4}.xxx|x86.ActiveCfg = xxx|Any CPU
		{9237CAAC-CF56-4B80-B342-017750844091}.Debug|Any CPU.ActiveCfg = Debug|Any CPU
		{9237CAAC-CF56-4B80-B342-017750844091}.Debug|Any CPU.Build.0 = Debug|Any CPU
		{9237CAAC-CF56-4B80-B342-017750844091}.Debug|Mixed Platforms.ActiveCfg = Debug|Any CPU
		{9237CAAC-CF56-4B80-B342-017750844091}.Debug|Mixed Platforms.Build.0 = Debug|Any CPU
		{9237CAAC-CF56-4B80-B342-017750844091}.Debug|x86.ActiveCfg = Debug|Any CPU
		{9237CAAC-CF56-4B80-B342-017750844091}.Release|Any CPU.ActiveCfg = Release|Any CPU
		{9237CAAC-CF56-4B80-B342-017750844091}.Release|Any CPU.Build.0 = Release|Any CPU
		{9237CAAC-CF56-4B80-B342-017750844091}.Release|Mixed Platforms.ActiveCfg = Release|Any CPU
		{9237CAAC-CF56-4B80-B342-017750844091}.Release|Mixed Platforms.Build.0 = Release|Any CPU
		{9237CAAC-CF56-4B80-B342-017750844091}.Release|x86.ActiveCfg = Release|Any CPU
		{9237CAAC-CF56-4B80-B342-017750844091}.Standard|Any CPU.ActiveCfg = Release|Any CPU
		{9237CAAC-CF56-4B80-B342-017750844091}.Standard|Any CPU.Build.0 = Release|Any CPU
		{9237CAAC-CF56-4B80-B342-017750844091}.Standard|Mixed Platforms.ActiveCfg = xxx|Any CPU
		{9237CAAC-CF56-4B80-B342-017750844091}.Standard|Mixed Platforms.Build.0 = xxx|Any CPU
		{9237CAAC-CF56-4B80-B342-017750844091}.Standard|x86.ActiveCfg = xxx|Any CPU
		{9237CAAC-CF56-4B80-B342-017750844091}.xxx|Any CPU.ActiveCfg = Debug|Any CPU
		{9237CAAC-CF56-4B80-B342-017750844091}.xxx|Any CPU.Build.0 = Debug|Any CPU
		{9237CAAC-CF56-4B80-B342-017750844091}.xxx|Mixed Platforms.ActiveCfg = xxx|Any CPU
		{9237CAAC-CF56-4B80-B342-017750844091}.xxx|Mixed Platforms.Build.0 = xxx|Any CPU
		{9237CAAC-CF56-4B80-B342-017750844091}.xxx|x86.ActiveCfg = xxx|Any CPU
		{820C0CFF-DC3A-4031-A63B-73A20309D600}.Debug|Any CPU.ActiveCfg = Debug|Any CPU
		{820C0CFF-DC3A-4031-A63B-73A20309D600}.Debug|Any CPU.Build.0 = Debug|Any CPU
		{820C0CFF-DC3A-4031-A63B-73A20309D600}.Debug|Mixed Platforms.ActiveCfg = Debug|Any CPU
		{820C0CFF-DC3A-4031-A63B-73A20309D600}.Debug|Mixed Platforms.Build.0 = Debug|Any CPU
		{820C0CFF-DC3A-4031-A63B-73A20309D600}.Debug|x86.ActiveCfg = Debug|Any CPU
		{820C0CFF-DC3A-4031-A63B-73A20309D600}.Release|Any CPU.ActiveCfg = Release|Any CPU
		{820C0CFF-DC3A-4031-A63B-73A20309D600}.Release|Any CPU.Build.0 = Release|Any CPU
		{820C0CFF-DC3A-4031-A63B-73A20309D600}.Release|Mixed Platforms.ActiveCfg = Release|Any CPU
		{820C0CFF-DC3A-4031-A63B-73A20309D600}.Release|Mixed Platforms.Build.0 = Release|Any CPU
		{820C0CFF-DC3A-4031-A63B-73A20309D600}.Release|x86.ActiveCfg = Release|Any CPU
		{820C0CFF-DC3A-4031-A63B-73A20309D600}.Standard|Any CPU.ActiveCfg = Release|Any CPU
		{820C0CFF-DC3A-4031-A63B-73A20309D600}.Standard|Any CPU.Build.0 = Release|Any CPU
		{820C0CFF-DC3A-4031-A63B-73A20309D600}.Standard|Mixed Platforms.ActiveCfg = xxx|Any CPU
		{820C0CFF-DC3A-4031-A63B-73A20309D600}.Standard|Mixed Platforms.Build.0 = xxx|Any CPU
		{820C0CFF-DC3A-4031-A63B-73A20309D600}.Standard|x86.ActiveCfg = xxx|Any CPU
		{820C0CFF-DC3A-4031-A63B-73A20309D600}.xxx|Any CPU.ActiveCfg = Debug|Any CPU
		{820C0CFF-DC3A-4031-A63B-73A20309D600}.xxx|Any CPU.Build.0 = Debug|Any CPU
		{820C0CFF-DC3A-4031-A63B-73A20309D600}.xxx|Mixed Platforms.ActiveCfg = xxx|Any CPU
		{820C0CFF-DC3A-4031-A63B-73A20309D600}.xxx|Mixed Platforms.Build.0 = xxx|Any CPU
		{820C0CFF-DC3A-4031-A63B-73A20309D600}.xxx|x86.ActiveCfg = xxx|Any CPU
		{7C507905-F63B-4AB7-8DA5-9AD6D3C076D5}.Debug|Any CPU.ActiveCfg = Debug|Any CPU
		{7C507905-F63B-4AB7-8DA5-9AD6D3C076D5}.Debug|Any CPU.Build.0 = Debug|Any CPU
		{7C507905-F63B-4AB7-8DA5-9AD6D3C076D5}.Debug|Mixed Platforms.ActiveCfg = Debug|Any CPU
		{7C507905-F63B-4AB7-8DA5-9AD6D3C076D5}.Debug|Mixed Platforms.Build.0 = Debug|Any CPU
		{7C507905-F63B-4AB7-8DA5-9AD6D3C076D5}.Debug|x86.ActiveCfg = Debug|Any CPU
		{7C507905-F63B-4AB7-8DA5-9AD6D3C076D5}.Release|Any CPU.ActiveCfg = Release|Any CPU
		{7C507905-F63B-4AB7-8DA5-9AD6D3C076D5}.Release|Any CPU.Build.0 = Release|Any CPU
		{7C507905-F63B-4AB7-8DA5-9AD6D3C076D5}.Release|Mixed Platforms.ActiveCfg = Release|Any CPU
		{7C507905-F63B-4AB7-8DA5-9AD6D3C076D5}.Release|Mixed Platforms.Build.0 = Release|Any CPU
		{7C507905-F63B-4AB7-8DA5-9AD6D3C076D5}.Release|x86.ActiveCfg = Release|Any CPU
		{7C507905-F63B-4AB7-8DA5-9AD6D3C076D5}.Standard|Any CPU.ActiveCfg = Release|Any CPU
		{7C507905-F63B-4AB7-8DA5-9AD6D3C076D5}.Standard|Any CPU.Build.0 = Release|Any CPU
		{7C507905-F63B-4AB7-8DA5-9AD6D3C076D5}.Standard|Mixed Platforms.ActiveCfg = xxx|Any CPU
		{7C507905-F63B-4AB7-8DA5-9AD6D3C076D5}.Standard|Mixed Platforms.Build.0 = xxx|Any CPU
		{7C507905-F63B-4AB7-8DA5-9AD6D3C076D5}.Standard|x86.ActiveCfg = xxx|Any CPU
		{7C507905-F63B-4AB7-8DA5-9AD6D3C076D5}.xxx|Any CPU.ActiveCfg = Debug|Any CPU
		{7C507905-F63B-4AB7-8DA5-9AD6D3C076D5}.xxx|Any CPU.Build.0 = Debug|Any CPU
		{7C507905-F63B-4AB7-8DA5-9AD6D3C076D5}.xxx|Mixed Platforms.ActiveCfg = xxx|Any CPU
		{7C507905-F63B-4AB7-8DA5-9AD6D3C076D5}.xxx|Mixed Platforms.Build.0 = xxx|Any CPU
		{7C507905-F63B-4AB7-8DA5-9AD6D3C076D5}.xxx|x86.ActiveCfg = xxx|Any CPU
		{480FC105-A82F-40D7-9AA3-68DA7FEBBCBE}.Debug|Any CPU.ActiveCfg = Debug|Any CPU
		{480FC105-A82F-40D7-9AA3-68DA7FEBBCBE}.Debug|Any CPU.Build.0 = Debug|Any CPU
		{480FC105-A82F-40D7-9AA3-68DA7FEBBCBE}.Debug|Mixed Platforms.ActiveCfg = Debug|Any CPU
		{480FC105-A82F-40D7-9AA3-68DA7FEBBCBE}.Debug|Mixed Platforms.Build.0 = Debug|Any CPU
		{480FC105-A82F-40D7-9AA3-68DA7FEBBCBE}.Debug|x86.ActiveCfg = Debug|Any CPU
		{480FC105-A82F-40D7-9AA3-68DA7FEBBCBE}.Release|Any CPU.ActiveCfg = Release|Any CPU
		{480FC105-A82F-40D7-9AA3-68DA7FEBBCBE}.Release|Any CPU.Build.0 = Release|Any CPU
		{480FC105-A82F-40D7-9AA3-68DA7FEBBCBE}.Release|Mixed Platforms.ActiveCfg = Release|Any CPU
		{480FC105-A82F-40D7-9AA3-68DA7FEBBCBE}.Release|x86.ActiveCfg = Release|Any CPU
		{480FC105-A82F-40D7-9AA3-68DA7FEBBCBE}.Standard|Any CPU.ActiveCfg = Release|Any CPU
		{480FC105-A82F-40D7-9AA3-68DA7FEBBCBE}.Standard|Any CPU.Build.0 = Release|Any CPU
		{480FC105-A82F-40D7-9AA3-68DA7FEBBCBE}.Standard|Mixed Platforms.ActiveCfg = xxx|Any CPU
		{480FC105-A82F-40D7-9AA3-68DA7FEBBCBE}.Standard|Mixed Platforms.Build.0 = xxx|Any CPU
		{480FC105-A82F-40D7-9AA3-68DA7FEBBCBE}.Standard|x86.ActiveCfg = xxx|Any CPU
		{480FC105-A82F-40D7-9AA3-68DA7FEBBCBE}.xxx|Any CPU.ActiveCfg = Debug|Any CPU
		{480FC105-A82F-40D7-9AA3-68DA7FEBBCBE}.xxx|Any CPU.Build.0 = Debug|Any CPU
		{480FC105-A82F-40D7-9AA3-68DA7FEBBCBE}.xxx|Mixed Platforms.ActiveCfg = xxx|Any CPU
		{480FC105-A82F-40D7-9AA3-68DA7FEBBCBE}.xxx|Mixed Platforms.Build.0 = xxx|Any CPU
		{480FC105-A82F-40D7-9AA3-68DA7FEBBCBE}.xxx|x86.ActiveCfg = xxx|Any CPU
		{D5E4CE00-7402-4DA9-9860-667C6B83E12D}.Debug|Any CPU.ActiveCfg = Debug|Any CPU
		{D5E4CE00-7402-4DA9-9860-667C6B83E12D}.Debug|Any CPU.Build.0 = Debug|Any CPU
		{D5E4CE00-7402-4DA9-9860-667C6B83E12D}.Debug|Mixed Platforms.ActiveCfg = Debug|Any CPU
		{D5E4CE00-7402-4DA9-9860-667C6B83E12D}.Debug|Mixed Platforms.Build.0 = Debug|Any CPU
		{D5E4CE00-7402-4DA9-9860-667C6B83E12D}.Debug|x86.ActiveCfg = Debug|Any CPU
		{D5E4CE00-7402-4DA9-9860-667C6B83E12D}.Release|Any CPU.ActiveCfg = Release|Any CPU
		{D5E4CE00-7402-4DA9-9860-667C6B83E12D}.Release|Mixed Platforms.ActiveCfg = Release|Any CPU
		{D5E4CE00-7402-4DA9-9860-667C6B83E12D}.Release|x86.ActiveCfg = Release|Any CPU
		{D5E4CE00-7402-4DA9-9860-667C6B83E12D}.Standard|Any CPU.ActiveCfg = Release|Any CPU
		{D5E4CE00-7402-4DA9-9860-667C6B83E12D}.Standard|Any CPU.Build.0 = Release|Any CPU
		{D5E4CE00-7402-4DA9-9860-667C6B83E12D}.Standard|Mixed Platforms.ActiveCfg = xxx|Any CPU
		{D5E4CE00-7402-4DA9-9860-667C6B83E12D}.Standard|Mixed Platforms.Build.0 = xxx|Any CPU
		{D5E4CE00-7402-4DA9-9860-667C6B83E12D}.Standard|x86.ActiveCfg = xxx|Any CPU
		{D5E4CE00-7402-4DA9-9860-667C6B83E12D}.xxx|Any CPU.ActiveCfg = Debug|Any CPU
		{D5E4CE00-7402-4DA9-9860-667C6B83E12D}.xxx|Any CPU.Build.0 = xxx|Any CPU
		{D5E4CE00-7402-4DA9-9860-667C6B83E12D}.xxx|Mixed Platforms.ActiveCfg = xxx|Any CPU
		{D5E4CE00-7402-4DA9-9860-667C6B83E12D}.xxx|Mixed Platforms.Build.0 = xxx|Any CPU
		{D5E4CE00-7402-4DA9-9860-667C6B83E12D}.xxx|x86.ActiveCfg = xxx|Any CPU
		{1F6F0F39-5F1C-4776-B93E-87B61999FF10}.Debug|Any CPU.ActiveCfg = Debug|Any CPU
		{1F6F0F39-5F1C-4776-B93E-87B61999FF10}.Debug|Any CPU.Build.0 = Debug|Any CPU
		{1F6F0F39-5F1C-4776-B93E-87B61999FF10}.Debug|Mixed Platforms.ActiveCfg = Debug|Any CPU
		{1F6F0F39-5F1C-4776-B93E-87B61999FF10}.Debug|Mixed Platforms.Build.0 = Debug|Any CPU
		{1F6F0F39-5F1C-4776-B93E-87B61999FF10}.Debug|x86.ActiveCfg = Debug|Any CPU
		{1F6F0F39-5F1C-4776-B93E-87B61999FF10}.Release|Any CPU.ActiveCfg = Release|Any CPU
		{1F6F0F39-5F1C-4776-B93E-87B61999FF10}.Release|Mixed Platforms.ActiveCfg = Release|Any CPU
		{1F6F0F39-5F1C-4776-B93E-87B61999FF10}.Release|x86.ActiveCfg = Release|Any CPU
		{1F6F0F39-5F1C-4776-B93E-87B61999FF10}.Standard|Any CPU.ActiveCfg = Release|Any CPU
		{1F6F0F39-5F1C-4776-B93E-87B61999FF10}.Standard|Any CPU.Build.0 = Release|Any CPU
		{1F6F0F39-5F1C-4776-B93E-87B61999FF10}.Standard|Mixed Platforms.ActiveCfg = xxx|Any CPU
		{1F6F0F39-5F1C-4776-B93E-87B61999FF10}.Standard|Mixed Platforms.Build.0 = xxx|Any CPU
		{1F6F0F39-5F1C-4776-B93E-87B61999FF10}.Standard|x86.ActiveCfg = xxx|Any CPU
		{1F6F0F39-5F1C-4776-B93E-87B61999FF10}.xxx|Any CPU.ActiveCfg = Debug|Any CPU
		{1F6F0F39-5F1C-4776-B93E-87B61999FF10}.xxx|Any CPU.Build.0 = xxx|Any CPU
		{1F6F0F39-5F1C-4776-B93E-87B61999FF10}.xxx|Mixed Platforms.ActiveCfg = xxx|Any CPU
		{1F6F0F39-5F1C-4776-B93E-87B61999FF10}.xxx|Mixed Platforms.Build.0 = xxx|Any CPU
		{1F6F0F39-5F1C-4776-B93E-87B61999FF10}.xxx|x86.ActiveCfg = xxx|Any CPU
		{BD923366-7D82-4871-B41F-E2B3151DD843}.Debug|Any CPU.ActiveCfg = Debug|Any CPU
		{BD923366-7D82-4871-B41F-E2B3151DD843}.Debug|Any CPU.Build.0 = Debug|Any CPU
		{BD923366-7D82-4871-B41F-E2B3151DD843}.Debug|Mixed Platforms.ActiveCfg = Debug|Any CPU
		{BD923366-7D82-4871-B41F-E2B3151DD843}.Debug|Mixed Platforms.Build.0 = Debug|Any CPU
		{BD923366-7D82-4871-B41F-E2B3151DD843}.Debug|x86.ActiveCfg = Debug|Any CPU
		{BD923366-7D82-4871-B41F-E2B3151DD843}.Release|Any CPU.ActiveCfg = Release|Any CPU
		{BD923366-7D82-4871-B41F-E2B3151DD843}.Release|Any CPU.Build.0 = Release|Any CPU
		{BD923366-7D82-4871-B41F-E2B3151DD843}.Release|Mixed Platforms.ActiveCfg = Release|Any CPU
		{BD923366-7D82-4871-B41F-E2B3151DD843}.Release|x86.ActiveCfg = Release|Any CPU
		{BD923366-7D82-4871-B41F-E2B3151DD843}.Standard|Any CPU.ActiveCfg = Release|Any CPU
		{BD923366-7D82-4871-B41F-E2B3151DD843}.Standard|Any CPU.Build.0 = Release|Any CPU
		{BD923366-7D82-4871-B41F-E2B3151DD843}.Standard|Mixed Platforms.ActiveCfg = Release|Any CPU
		{BD923366-7D82-4871-B41F-E2B3151DD843}.Standard|Mixed Platforms.Build.0 = Release|Any CPU
		{BD923366-7D82-4871-B41F-E2B3151DD843}.Standard|x86.ActiveCfg = Release|Any CPU
		{BD923366-7D82-4871-B41F-E2B3151DD843}.xxx|Any CPU.ActiveCfg = Release|Any CPU
		{BD923366-7D82-4871-B41F-E2B3151DD843}.xxx|Any CPU.Build.0 = Release|Any CPU
		{BD923366-7D82-4871-B41F-E2B3151DD843}.xxx|Mixed Platforms.ActiveCfg = Release|Any CPU
		{BD923366-7D82-4871-B41F-E2B3151DD843}.xxx|Mixed Platforms.Build.0 = Release|Any CPU
		{BD923366-7D82-4871-B41F-E2B3151DD843}.xxx|x86.ActiveCfg = Release|Any CPU
		{6E73FC8A-1859-4FEC-8757-75FBB3ABAD79}.Debug|Any CPU.ActiveCfg = Debug|Any CPU
		{6E73FC8A-1859-4FEC-8757-75FBB3ABAD79}.Debug|Any CPU.Build.0 = Debug|Any CPU
		{6E73FC8A-1859-4FEC-8757-75FBB3ABAD79}.Debug|Mixed Platforms.ActiveCfg = Debug|Any CPU
		{6E73FC8A-1859-4FEC-8757-75FBB3ABAD79}.Debug|Mixed Platforms.Build.0 = Debug|Any CPU
		{6E73FC8A-1859-4FEC-8757-75FBB3ABAD79}.Debug|x86.ActiveCfg = Debug|Any CPU
		{6E73FC8A-1859-4FEC-8757-75FBB3ABAD79}.Release|Any CPU.ActiveCfg = Release|Any CPU
		{6E73FC8A-1859-4FEC-8757-75FBB3ABAD79}.Release|Mixed Platforms.ActiveCfg = Release|Any CPU
		{6E73FC8A-1859-4FEC-8757-75FBB3ABAD79}.Release|x86.ActiveCfg = Release|Any CPU
		{6E73FC8A-1859-4FEC-8757-75FBB3ABAD79}.Standard|Any CPU.ActiveCfg = Release|Any CPU
		{6E73FC8A-1859-4FEC-8757-75FBB3ABAD79}.Standard|Any CPU.Build.0 = Release|Any CPU
		{6E73FC8A-1859-4FEC-8757-75FBB3ABAD79}.Standard|Mixed Platforms.ActiveCfg = Release|Any CPU
		{6E73FC8A-1859-4FEC-8757-75FBB3ABAD79}.Standard|Mixed Platforms.Build.0 = Release|Any CPU
		{6E73FC8A-1859-4FEC-8757-75FBB3ABAD79}.Standard|x86.ActiveCfg = Release|Any CPU
		{6E73FC8A-1859-4FEC-8757-75FBB3ABAD79}.xxx|Any CPU.ActiveCfg = Release|Any CPU
		{6E73FC8A-1859-4FEC-8757-75FBB3ABAD79}.xxx|Any CPU.Build.0 = Release|Any CPU
		{6E73FC8A-1859-4FEC-8757-75FBB3ABAD79}.xxx|Mixed Platforms.ActiveCfg = Release|Any CPU
		{6E73FC8A-1859-4FEC-8757-75FBB3ABAD79}.xxx|Mixed Platforms.Build.0 = Release|Any CPU
		{6E73FC8A-1859-4FEC-8757-75FBB3ABAD79}.xxx|x86.ActiveCfg = Release|Any CPU
		{037FB31E-465E-4382-A7C9-AEEFD617BECB}.Debug|Any CPU.ActiveCfg = Debug|Any CPU
		{037FB31E-465E-4382-A7C9-AEEFD617BECB}.Debug|Any CPU.Build.0 = Debug|Any CPU
		{037FB31E-465E-4382-A7C9-AEEFD617BECB}.Debug|Mixed Platforms.ActiveCfg = Debug|Any CPU
		{037FB31E-465E-4382-A7C9-AEEFD617BECB}.Debug|Mixed Platforms.Build.0 = Debug|Any CPU
		{037FB31E-465E-4382-A7C9-AEEFD617BECB}.Debug|x86.ActiveCfg = Debug|Any CPU
		{037FB31E-465E-4382-A7C9-AEEFD617BECB}.Release|Any CPU.ActiveCfg = Release|Any CPU
		{037FB31E-465E-4382-A7C9-AEEFD617BECB}.Release|Mixed Platforms.ActiveCfg = Release|Any CPU
		{037FB31E-465E-4382-A7C9-AEEFD617BECB}.Release|x86.ActiveCfg = Release|Any CPU
		{037FB31E-465E-4382-A7C9-AEEFD617BECB}.Standard|Any CPU.ActiveCfg = Release|Any CPU
		{037FB31E-465E-4382-A7C9-AEEFD617BECB}.Standard|Any CPU.Build.0 = Release|Any CPU
		{037FB31E-465E-4382-A7C9-AEEFD617BECB}.Standard|Mixed Platforms.ActiveCfg = Release|Any CPU
		{037FB31E-465E-4382-A7C9-AEEFD617BECB}.Standard|Mixed Platforms.Build.0 = Release|Any CPU
		{037FB31E-465E-4382-A7C9-AEEFD617BECB}.Standard|x86.ActiveCfg = Release|Any CPU
		{037FB31E-465E-4382-A7C9-AEEFD617BECB}.xxx|Any CPU.ActiveCfg = Release|Any CPU
		{037FB31E-465E-4382-A7C9-AEEFD617BECB}.xxx|Any CPU.Build.0 = Release|Any CPU
		{037FB31E-465E-4382-A7C9-AEEFD617BECB}.xxx|Mixed Platforms.ActiveCfg = Release|Any CPU
		{037FB31E-465E-4382-A7C9-AEEFD617BECB}.xxx|Mixed Platforms.Build.0 = Release|Any CPU
		{037FB31E-465E-4382-A7C9-AEEFD617BECB}.xxx|x86.ActiveCfg = Release|Any CPU
		{E04F9D7F-A4DE-4796-AE20-F7936162A14B}.Debug|Any CPU.ActiveCfg = Debug|Any CPU
		{E04F9D7F-A4DE-4796-AE20-F7936162A14B}.Debug|Any CPU.Build.0 = Debug|Any CPU
		{E04F9D7F-A4DE-4796-AE20-F7936162A14B}.Debug|Mixed Platforms.ActiveCfg = Debug|Any CPU
		{E04F9D7F-A4DE-4796-AE20-F7936162A14B}.Debug|Mixed Platforms.Build.0 = Debug|Any CPU
		{E04F9D7F-A4DE-4796-AE20-F7936162A14B}.Debug|x86.ActiveCfg = Debug|Any CPU
		{E04F9D7F-A4DE-4796-AE20-F7936162A14B}.Release|Any CPU.ActiveCfg = Release|Any CPU
		{E04F9D7F-A4DE-4796-AE20-F7936162A14B}.Release|Mixed Platforms.ActiveCfg = Release|Any CPU
		{E04F9D7F-A4DE-4796-AE20-F7936162A14B}.Release|x86.ActiveCfg = Release|Any CPU
		{E04F9D7F-A4DE-4796-AE20-F7936162A14B}.Standard|Any CPU.ActiveCfg = Release|Any CPU
		{E04F9D7F-A4DE-4796-AE20-F7936162A14B}.Standard|Any CPU.Build.0 = Release|Any CPU
		{E04F9D7F-A4DE-4796-AE20-F7936162A14B}.Standard|Mixed Platforms.ActiveCfg = Release|Any CPU
		{E04F9D7F-A4DE-4796-AE20-F7936162A14B}.Standard|Mixed Platforms.Build.0 = Release|Any CPU
		{E04F9D7F-A4DE-4796-AE20-F7936162A14B}.Standard|x86.ActiveCfg = Release|Any CPU
		{E04F9D7F-A4DE-4796-AE20-F7936162A14B}.xxx|Any CPU.ActiveCfg = Release|Any CPU
		{E04F9D7F-A4DE-4796-AE20-F7936162A14B}.xxx|Any CPU.Build.0 = Release|Any CPU
		{E04F9D7F-A4DE-4796-AE20-F7936162A14B}.xxx|Mixed Platforms.ActiveCfg = Release|Any CPU
		{E04F9D7F-A4DE-4796-AE20-F7936162A14B}.xxx|Mixed Platforms.Build.0 = Release|Any CPU
		{E04F9D7F-A4DE-4796-AE20-F7936162A14B}.xxx|x86.ActiveCfg = Release|Any CPU
		{F58A0E2E-5435-4F5E-B156-D2F5717FCFB9}.Debug|Any CPU.ActiveCfg = Debug|Any CPU
		{F58A0E2E-5435-4F5E-B156-D2F5717FCFB9}.Debug|Any CPU.Build.0 = Debug|Any CPU
		{F58A0E2E-5435-4F5E-B156-D2F5717FCFB9}.Debug|Mixed Platforms.ActiveCfg = Debug|Any CPU
		{F58A0E2E-5435-4F5E-B156-D2F5717FCFB9}.Debug|Mixed Platforms.Build.0 = Debug|Any CPU
		{F58A0E2E-5435-4F5E-B156-D2F5717FCFB9}.Debug|x86.ActiveCfg = Debug|Any CPU
		{F58A0E2E-5435-4F5E-B156-D2F5717FCFB9}.Release|Any CPU.ActiveCfg = Release|Any CPU
		{F58A0E2E-5435-4F5E-B156-D2F5717FCFB9}.Release|Mixed Platforms.ActiveCfg = Release|Any CPU
		{F58A0E2E-5435-4F5E-B156-D2F5717FCFB9}.Release|x86.ActiveCfg = Release|Any CPU
		{F58A0E2E-5435-4F5E-B156-D2F5717FCFB9}.Standard|Any CPU.ActiveCfg = Release|Any CPU
		{F58A0E2E-5435-4F5E-B156-D2F5717FCFB9}.Standard|Any CPU.Build.0 = Release|Any CPU
		{F58A0E2E-5435-4F5E-B156-D2F5717FCFB9}.Standard|Mixed Platforms.ActiveCfg = Release|Any CPU
		{F58A0E2E-5435-4F5E-B156-D2F5717FCFB9}.Standard|Mixed Platforms.Build.0 = Release|Any CPU
		{F58A0E2E-5435-4F5E-B156-D2F5717FCFB9}.Standard|x86.ActiveCfg = Release|Any CPU
		{F58A0E2E-5435-4F5E-B156-D2F5717FCFB9}.xxx|Any CPU.ActiveCfg = Release|Any CPU
		{F58A0E2E-5435-4F5E-B156-D2F5717FCFB9}.xxx|Any CPU.Build.0 = Release|Any CPU
		{F58A0E2E-5435-4F5E-B156-D2F5717FCFB9}.xxx|Mixed Platforms.ActiveCfg = Release|Any CPU
		{F58A0E2E-5435-4F5E-B156-D2F5717FCFB9}.xxx|Mixed Platforms.Build.0 = Release|Any CPU
		{F58A0E2E-5435-4F5E-B156-D2F5717FCFB9}.xxx|x86.ActiveCfg = Release|Any CPU
		{28FDFF7A-1F13-42D9-8A76-83D24596D7BA}.Debug|Any CPU.ActiveCfg = Debug|Any CPU
		{28FDFF7A-1F13-42D9-8A76-83D24596D7BA}.Debug|Any CPU.Build.0 = Debug|Any CPU
		{28FDFF7A-1F13-42D9-8A76-83D24596D7BA}.Debug|Mixed Platforms.ActiveCfg = Debug|Any CPU
		{28FDFF7A-1F13-42D9-8A76-83D24596D7BA}.Debug|Mixed Platforms.Build.0 = Debug|Any CPU
		{28FDFF7A-1F13-42D9-8A76-83D24596D7BA}.Debug|x86.ActiveCfg = Debug|Any CPU
		{28FDFF7A-1F13-42D9-8A76-83D24596D7BA}.Release|Any CPU.ActiveCfg = Release|Any CPU
		{28FDFF7A-1F13-42D9-8A76-83D24596D7BA}.Release|Mixed Platforms.ActiveCfg = Release|Any CPU
		{28FDFF7A-1F13-42D9-8A76-83D24596D7BA}.Release|x86.ActiveCfg = Release|Any CPU
		{28FDFF7A-1F13-42D9-8A76-83D24596D7BA}.Standard|Any CPU.ActiveCfg = Release|Any CPU
		{28FDFF7A-1F13-42D9-8A76-83D24596D7BA}.Standard|Any CPU.Build.0 = Release|Any CPU
		{28FDFF7A-1F13-42D9-8A76-83D24596D7BA}.Standard|Mixed Platforms.ActiveCfg = Release|Any CPU
		{28FDFF7A-1F13-42D9-8A76-83D24596D7BA}.Standard|Mixed Platforms.Build.0 = Release|Any CPU
		{28FDFF7A-1F13-42D9-8A76-83D24596D7BA}.Standard|x86.ActiveCfg = Release|Any CPU
		{28FDFF7A-1F13-42D9-8A76-83D24596D7BA}.xxx|Any CPU.ActiveCfg = Release|Any CPU
		{28FDFF7A-1F13-42D9-8A76-83D24596D7BA}.xxx|Any CPU.Build.0 = Release|Any CPU
		{28FDFF7A-1F13-42D9-8A76-83D24596D7BA}.xxx|Mixed Platforms.ActiveCfg = Release|Any CPU
		{28FDFF7A-1F13-42D9-8A76-83D24596D7BA}.xxx|Mixed Platforms.Build.0 = Release|Any CPU
		{28FDFF7A-1F13-42D9-8A76-83D24596D7BA}.xxx|x86.ActiveCfg = Release|Any CPU
		{428FD852-3576-4683-A298-F8E4471EE098}.Debug|Any CPU.ActiveCfg = Debug|Any CPU
		{428FD852-3576-4683-A298-F8E4471EE098}.Debug|Any CPU.Build.0 = Debug|Any CPU
		{428FD852-3576-4683-A298-F8E4471EE098}.Debug|Mixed Platforms.ActiveCfg = Debug|Any CPU
		{428FD852-3576-4683-A298-F8E4471EE098}.Debug|Mixed Platforms.Build.0 = Debug|Any CPU
		{428FD852-3576-4683-A298-F8E4471EE098}.Debug|x86.ActiveCfg = Debug|Any CPU
		{428FD852-3576-4683-A298-F8E4471EE098}.Release|Any CPU.ActiveCfg = Release|Any CPU
		{428FD852-3576-4683-A298-F8E4471EE098}.Release|Mixed Platforms.ActiveCfg = Release|Any CPU
		{428FD852-3576-4683-A298-F8E4471EE098}.Release|x86.ActiveCfg = Release|Any CPU
		{428FD852-3576-4683-A298-F8E4471EE098}.Standard|Any CPU.ActiveCfg = Release|Any CPU
		{428FD852-3576-4683-A298-F8E4471EE098}.Standard|Any CPU.Build.0 = Release|Any CPU
		{428FD852-3576-4683-A298-F8E4471EE098}.Standard|Mixed Platforms.ActiveCfg = Release|Any CPU
		{428FD852-3576-4683-A298-F8E4471EE098}.Standard|Mixed Platforms.Build.0 = Release|Any CPU
		{428FD852-3576-4683-A298-F8E4471EE098}.Standard|x86.ActiveCfg = Release|Any CPU
		{428FD852-3576-4683-A298-F8E4471EE098}.xxx|Any CPU.ActiveCfg = Release|Any CPU
		{428FD852-3576-4683-A298-F8E4471EE098}.xxx|Any CPU.Build.0 = Release|Any CPU
		{428FD852-3576-4683-A298-F8E4471EE098}.xxx|Mixed Platforms.ActiveCfg = Release|Any CPU
		{428FD852-3576-4683-A298-F8E4471EE098}.xxx|Mixed Platforms.Build.0 = Release|Any CPU
		{428FD852-3576-4683-A298-F8E4471EE098}.xxx|x86.ActiveCfg = Release|Any CPU
		{056E4CAC-F6BC-489C-B80C-ED42635FF26E}.Debug|Any CPU.ActiveCfg = Debug|Any CPU
		{056E4CAC-F6BC-489C-B80C-ED42635FF26E}.Debug|Any CPU.Build.0 = Debug|Any CPU
		{056E4CAC-F6BC-489C-B80C-ED42635FF26E}.Debug|Mixed Platforms.ActiveCfg = Debug|Any CPU
		{056E4CAC-F6BC-489C-B80C-ED42635FF26E}.Debug|Mixed Platforms.Build.0 = Debug|Any CPU
		{056E4CAC-F6BC-489C-B80C-ED42635FF26E}.Debug|x86.ActiveCfg = Debug|Any CPU
		{056E4CAC-F6BC-489C-B80C-ED42635FF26E}.Release|Any CPU.ActiveCfg = Release|Any CPU
		{056E4CAC-F6BC-489C-B80C-ED42635FF26E}.Release|Mixed Platforms.ActiveCfg = Release|Any CPU
		{056E4CAC-F6BC-489C-B80C-ED42635FF26E}.Release|x86.ActiveCfg = Release|Any CPU
		{056E4CAC-F6BC-489C-B80C-ED42635FF26E}.Standard|Any CPU.ActiveCfg = Release|Any CPU
		{056E4CAC-F6BC-489C-B80C-ED42635FF26E}.Standard|Any CPU.Build.0 = Release|Any CPU
		{056E4CAC-F6BC-489C-B80C-ED42635FF26E}.Standard|Mixed Platforms.ActiveCfg = Release|Any CPU
		{056E4CAC-F6BC-489C-B80C-ED42635FF26E}.Standard|Mixed Platforms.Build.0 = Release|Any CPU
		{056E4CAC-F6BC-489C-B80C-ED42635FF26E}.Standard|x86.ActiveCfg = Release|Any CPU
		{056E4CAC-F6BC-489C-B80C-ED42635FF26E}.xxx|Any CPU.ActiveCfg = Release|Any CPU
		{056E4CAC-F6BC-489C-B80C-ED42635FF26E}.xxx|Any CPU.Build.0 = Release|Any CPU
		{056E4CAC-F6BC-489C-B80C-ED42635FF26E}.xxx|Mixed Platforms.ActiveCfg = Release|Any CPU
		{056E4CAC-F6BC-489C-B80C-ED42635FF26E}.xxx|Mixed Platforms.Build.0 = Release|Any CPU
		{056E4CAC-F6BC-489C-B80C-ED42635FF26E}.xxx|x86.ActiveCfg = Release|Any CPU
		{D90BA021-5EC5-42E9-9FBA-B848E04B7689}.Debug|Any CPU.ActiveCfg = Debug|Any CPU
		{D90BA021-5EC5-42E9-9FBA-B848E04B7689}.Debug|Any CPU.Build.0 = Debug|Any CPU
		{D90BA021-5EC5-42E9-9FBA-B848E04B7689}.Debug|Mixed Platforms.ActiveCfg = Debug|Any CPU
		{D90BA021-5EC5-42E9-9FBA-B848E04B7689}.Debug|Mixed Platforms.Build.0 = Debug|Any CPU
		{D90BA021-5EC5-42E9-9FBA-B848E04B7689}.Debug|x86.ActiveCfg = Debug|Any CPU
		{D90BA021-5EC5-42E9-9FBA-B848E04B7689}.Release|Any CPU.ActiveCfg = Release|Any CPU
		{D90BA021-5EC5-42E9-9FBA-B848E04B7689}.Release|Mixed Platforms.ActiveCfg = Release|Any CPU
		{D90BA021-5EC5-42E9-9FBA-B848E04B7689}.Release|x86.ActiveCfg = Release|Any CPU
		{D90BA021-5EC5-42E9-9FBA-B848E04B7689}.Standard|Any CPU.ActiveCfg = Release|Any CPU
		{D90BA021-5EC5-42E9-9FBA-B848E04B7689}.Standard|Any CPU.Build.0 = Release|Any CPU
		{D90BA021-5EC5-42E9-9FBA-B848E04B7689}.Standard|Mixed Platforms.ActiveCfg = Release|Any CPU
		{D90BA021-5EC5-42E9-9FBA-B848E04B7689}.Standard|Mixed Platforms.Build.0 = Release|Any CPU
		{D90BA021-5EC5-42E9-9FBA-B848E04B7689}.Standard|x86.ActiveCfg = Release|Any CPU
		{D90BA021-5EC5-42E9-9FBA-B848E04B7689}.xxx|Any CPU.ActiveCfg = Release|Any CPU
		{D90BA021-5EC5-42E9-9FBA-B848E04B7689}.xxx|Any CPU.Build.0 = Release|Any CPU
		{D90BA021-5EC5-42E9-9FBA-B848E04B7689}.xxx|Mixed Platforms.ActiveCfg = Release|Any CPU
		{D90BA021-5EC5-42E9-9FBA-B848E04B7689}.xxx|Mixed Platforms.Build.0 = Release|Any CPU
		{D90BA021-5EC5-42E9-9FBA-B848E04B7689}.xxx|x86.ActiveCfg = Release|Any CPU
		{6662B784-A60A-41C2-AC22-E5CE141CDDCD}.Debug|Any CPU.ActiveCfg = Debug|Any CPU
		{6662B784-A60A-41C2-AC22-E5CE141CDDCD}.Debug|Any CPU.Build.0 = Debug|Any CPU
		{6662B784-A60A-41C2-AC22-E5CE141CDDCD}.Debug|Mixed Platforms.ActiveCfg = Debug|Any CPU
		{6662B784-A60A-41C2-AC22-E5CE141CDDCD}.Debug|Mixed Platforms.Build.0 = Debug|Any CPU
		{6662B784-A60A-41C2-AC22-E5CE141CDDCD}.Debug|x86.ActiveCfg = Debug|Any CPU
		{6662B784-A60A-41C2-AC22-E5CE141CDDCD}.Release|Any CPU.ActiveCfg = Release|Any CPU
		{6662B784-A60A-41C2-AC22-E5CE141CDDCD}.Release|Any CPU.Build.0 = Release|Any CPU
		{6662B784-A60A-41C2-AC22-E5CE141CDDCD}.Release|Mixed Platforms.ActiveCfg = Release|Any CPU
		{6662B784-A60A-41C2-AC22-E5CE141CDDCD}.Release|x86.ActiveCfg = Release|Any CPU
		{6662B784-A60A-41C2-AC22-E5CE141CDDCD}.Standard|Any CPU.ActiveCfg = Release|Any CPU
		{6662B784-A60A-41C2-AC22-E5CE141CDDCD}.Standard|Any CPU.Build.0 = Release|Any CPU
		{6662B784-A60A-41C2-AC22-E5CE141CDDCD}.Standard|Mixed Platforms.ActiveCfg = Release|Any CPU
		{6662B784-A60A-41C2-AC22-E5CE141CDDCD}.Standard|Mixed Platforms.Build.0 = Release|Any CPU
		{6662B784-A60A-41C2-AC22-E5CE141CDDCD}.Standard|x86.ActiveCfg = Release|Any CPU
		{6662B784-A60A-41C2-AC22-E5CE141CDDCD}.xxx|Any CPU.ActiveCfg = Release|Any CPU
		{6662B784-A60A-41C2-AC22-E5CE141CDDCD}.xxx|Any CPU.Build.0 = Release|Any CPU
		{6662B784-A60A-41C2-AC22-E5CE141CDDCD}.xxx|Mixed Platforms.ActiveCfg = Release|Any CPU
		{6662B784-A60A-41C2-AC22-E5CE141CDDCD}.xxx|Mixed Platforms.Build.0 = Release|Any CPU
		{6662B784-A60A-41C2-AC22-E5CE141CDDCD}.xxx|x86.ActiveCfg = Release|Any CPU
		{ACE22606-0EFC-414F-AD83-5589DDA4E20E}.Debug|Any CPU.ActiveCfg = Debug|x86
		{ACE22606-0EFC-414F-AD83-5589DDA4E20E}.Debug|Mixed Platforms.ActiveCfg = Debug|x86
		{ACE22606-0EFC-414F-AD83-5589DDA4E20E}.Debug|Mixed Platforms.Build.0 = Debug|x86
		{ACE22606-0EFC-414F-AD83-5589DDA4E20E}.Debug|x86.ActiveCfg = Debug|x86
		{ACE22606-0EFC-414F-AD83-5589DDA4E20E}.Debug|x86.Build.0 = Debug|x86
		{ACE22606-0EFC-414F-AD83-5589DDA4E20E}.Release|Any CPU.ActiveCfg = Release|x86
		{ACE22606-0EFC-414F-AD83-5589DDA4E20E}.Release|Mixed Platforms.ActiveCfg = Release|x86
		{ACE22606-0EFC-414F-AD83-5589DDA4E20E}.Release|x86.ActiveCfg = Release|x86
		{ACE22606-0EFC-414F-AD83-5589DDA4E20E}.Release|x86.Build.0 = Release|x86
		{ACE22606-0EFC-414F-AD83-5589DDA4E20E}.Standard|Any CPU.ActiveCfg = Release|x86
		{ACE22606-0EFC-414F-AD83-5589DDA4E20E}.Standard|Mixed Platforms.ActiveCfg = Release|x86
		{ACE22606-0EFC-414F-AD83-5589DDA4E20E}.Standard|Mixed Platforms.Build.0 = Release|x86
		{ACE22606-0EFC-414F-AD83-5589DDA4E20E}.Standard|x86.ActiveCfg = Release|x86
		{ACE22606-0EFC-414F-AD83-5589DDA4E20E}.Standard|x86.Build.0 = Release|x86
		{ACE22606-0EFC-414F-AD83-5589DDA4E20E}.xxx|Any CPU.ActiveCfg = Release|x86
		{ACE22606-0EFC-414F-AD83-5589DDA4E20E}.xxx|Mixed Platforms.ActiveCfg = Release|x86
		{ACE22606-0EFC-414F-AD83-5589DDA4E20E}.xxx|Mixed Platforms.Build.0 = Release|x86
		{ACE22606-0EFC-414F-AD83-5589DDA4E20E}.xxx|x86.ActiveCfg = Release|x86
		{ACE22606-0EFC-414F-AD83-5589DDA4E20E}.xxx|x86.Build.0 = Release|x86
		{0950AF1F-243A-4FA6-B363-BA0BF842E625}.Debug|Any CPU.ActiveCfg = Debug|Any CPU
		{0950AF1F-243A-4FA6-B363-BA0BF842E625}.Debug|Any CPU.Build.0 = Debug|Any CPU
		{0950AF1F-243A-4FA6-B363-BA0BF842E625}.Debug|Mixed Platforms.ActiveCfg = Debug|Any CPU
		{0950AF1F-243A-4FA6-B363-BA0BF842E625}.Debug|Mixed Platforms.Build.0 = Debug|Any CPU
		{0950AF1F-243A-4FA6-B363-BA0BF842E625}.Debug|x86.ActiveCfg = Debug|Any CPU
		{0950AF1F-243A-4FA6-B363-BA0BF842E625}.Release|Any CPU.ActiveCfg = Release|Any CPU
		{0950AF1F-243A-4FA6-B363-BA0BF842E625}.Release|Any CPU.Build.0 = Release|Any CPU
		{0950AF1F-243A-4FA6-B363-BA0BF842E625}.Release|Mixed Platforms.ActiveCfg = Release|Any CPU
		{0950AF1F-243A-4FA6-B363-BA0BF842E625}.Release|x86.ActiveCfg = Release|Any CPU
		{0950AF1F-243A-4FA6-B363-BA0BF842E625}.Standard|Any CPU.ActiveCfg = Release|Any CPU
		{0950AF1F-243A-4FA6-B363-BA0BF842E625}.Standard|Any CPU.Build.0 = Release|Any CPU
		{0950AF1F-243A-4FA6-B363-BA0BF842E625}.Standard|Mixed Platforms.ActiveCfg = Release|Any CPU
		{0950AF1F-243A-4FA6-B363-BA0BF842E625}.Standard|Mixed Platforms.Build.0 = Release|Any CPU
		{0950AF1F-243A-4FA6-B363-BA0BF842E625}.Standard|x86.ActiveCfg = Release|Any CPU
		{0950AF1F-243A-4FA6-B363-BA0BF842E625}.xxx|Any CPU.ActiveCfg = Release|Any CPU
		{0950AF1F-243A-4FA6-B363-BA0BF842E625}.xxx|Any CPU.Build.0 = Release|Any CPU
		{0950AF1F-243A-4FA6-B363-BA0BF842E625}.xxx|Mixed Platforms.ActiveCfg = Release|Any CPU
		{0950AF1F-243A-4FA6-B363-BA0BF842E625}.xxx|Mixed Platforms.Build.0 = Release|Any CPU
		{0950AF1F-243A-4FA6-B363-BA0BF842E625}.xxx|x86.ActiveCfg = Release|Any CPU
		{A5DA4D21-EEA2-4B15-AA3F-4AE2F30C06AE}.Debug|Any CPU.ActiveCfg = Debug|Any CPU
		{A5DA4D21-EEA2-4B15-AA3F-4AE2F30C06AE}.Debug|Any CPU.Build.0 = Debug|Any CPU
		{A5DA4D21-EEA2-4B15-AA3F-4AE2F30C06AE}.Debug|Mixed Platforms.ActiveCfg = Debug|Any CPU
		{A5DA4D21-EEA2-4B15-AA3F-4AE2F30C06AE}.Debug|Mixed Platforms.Build.0 = Debug|Any CPU
		{A5DA4D21-EEA2-4B15-AA3F-4AE2F30C06AE}.Debug|x86.ActiveCfg = Debug|Any CPU
		{A5DA4D21-EEA2-4B15-AA3F-4AE2F30C06AE}.Release|Any CPU.ActiveCfg = Release|Any CPU
		{A5DA4D21-EEA2-4B15-AA3F-4AE2F30C06AE}.Release|Any CPU.Build.0 = Release|Any CPU
		{A5DA4D21-EEA2-4B15-AA3F-4AE2F30C06AE}.Release|Mixed Platforms.ActiveCfg = Release|Any CPU
		{A5DA4D21-EEA2-4B15-AA3F-4AE2F30C06AE}.Release|x86.ActiveCfg = Release|Any CPU
		{A5DA4D21-EEA2-4B15-AA3F-4AE2F30C06AE}.Standard|Any CPU.ActiveCfg = Release|Any CPU
		{A5DA4D21-EEA2-4B15-AA3F-4AE2F30C06AE}.Standard|Any CPU.Build.0 = Release|Any CPU
		{A5DA4D21-EEA2-4B15-AA3F-4AE2F30C06AE}.Standard|Mixed Platforms.ActiveCfg = Release|Any CPU
		{A5DA4D21-EEA2-4B15-AA3F-4AE2F30C06AE}.Standard|Mixed Platforms.Build.0 = Release|Any CPU
		{A5DA4D21-EEA2-4B15-AA3F-4AE2F30C06AE}.Standard|x86.ActiveCfg = Release|Any CPU
		{A5DA4D21-EEA2-4B15-AA3F-4AE2F30C06AE}.xxx|Any CPU.ActiveCfg = Release|Any CPU
		{A5DA4D21-EEA2-4B15-AA3F-4AE2F30C06AE}.xxx|Any CPU.Build.0 = Release|Any CPU
		{A5DA4D21-EEA2-4B15-AA3F-4AE2F30C06AE}.xxx|Mixed Platforms.ActiveCfg = Release|Any CPU
		{A5DA4D21-EEA2-4B15-AA3F-4AE2F30C06AE}.xxx|Mixed Platforms.Build.0 = Release|Any CPU
		{A5DA4D21-EEA2-4B15-AA3F-4AE2F30C06AE}.xxx|x86.ActiveCfg = Release|Any CPU
		{A6D78600-0F88-4C99-A604-9AB16684475C}.Debug|Any CPU.ActiveCfg = Debug|x86
		{A6D78600-0F88-4C99-A604-9AB16684475C}.Debug|Mixed Platforms.ActiveCfg = Debug|x86
		{A6D78600-0F88-4C99-A604-9AB16684475C}.Debug|Mixed Platforms.Build.0 = Debug|x86
		{A6D78600-0F88-4C99-A604-9AB16684475C}.Debug|x86.ActiveCfg = Debug|x86
		{A6D78600-0F88-4C99-A604-9AB16684475C}.Debug|x86.Build.0 = Debug|x86
		{A6D78600-0F88-4C99-A604-9AB16684475C}.Release|Any CPU.ActiveCfg = Release|x86
		{A6D78600-0F88-4C99-A604-9AB16684475C}.Release|Mixed Platforms.ActiveCfg = Release|x86
		{A6D78600-0F88-4C99-A604-9AB16684475C}.Release|x86.ActiveCfg = Release|x86
		{A6D78600-0F88-4C99-A604-9AB16684475C}.Release|x86.Build.0 = Release|x86
		{A6D78600-0F88-4C99-A604-9AB16684475C}.Standard|Any CPU.ActiveCfg = Release|x86
		{A6D78600-0F88-4C99-A604-9AB16684475C}.Standard|Mixed Platforms.ActiveCfg = Release|x86
		{A6D78600-0F88-4C99-A604-9AB16684475C}.Standard|Mixed Platforms.Build.0 = Release|x86
		{A6D78600-0F88-4C99-A604-9AB16684475C}.Standard|x86.ActiveCfg = Release|x86
		{A6D78600-0F88-4C99-A604-9AB16684475C}.Standard|x86.Build.0 = Release|x86
		{A6D78600-0F88-4C99-A604-9AB16684475C}.xxx|Any CPU.ActiveCfg = Release|x86
		{A6D78600-0F88-4C99-A604-9AB16684475C}.xxx|Mixed Platforms.ActiveCfg = Release|x86
		{A6D78600-0F88-4C99-A604-9AB16684475C}.xxx|Mixed Platforms.Build.0 = Release|x86
		{A6D78600-0F88-4C99-A604-9AB16684475C}.xxx|x86.ActiveCfg = Release|x86
		{A6D78600-0F88-4C99-A604-9AB16684475C}.xxx|x86.Build.0 = Release|x86
		{BA0E3CDB-D44C-4154-9DF3-60DE5C4766BD}.Debug|Any CPU.ActiveCfg = Debug|Any CPU
		{BA0E3CDB-D44C-4154-9DF3-60DE5C4766BD}.Debug|Any CPU.Build.0 = Debug|Any CPU
		{BA0E3CDB-D44C-4154-9DF3-60DE5C4766BD}.Debug|Mixed Platforms.ActiveCfg = Debug|Any CPU
		{BA0E3CDB-D44C-4154-9DF3-60DE5C4766BD}.Debug|Mixed Platforms.Build.0 = Debug|Any CPU
		{BA0E3CDB-D44C-4154-9DF3-60DE5C4766BD}.Debug|x86.ActiveCfg = Debug|Any CPU
		{BA0E3CDB-D44C-4154-9DF3-60DE5C4766BD}.Release|Any CPU.ActiveCfg = Release|Any CPU
		{BA0E3CDB-D44C-4154-9DF3-60DE5C4766BD}.Release|Any CPU.Build.0 = Release|Any CPU
		{BA0E3CDB-D44C-4154-9DF3-60DE5C4766BD}.Release|Mixed Platforms.ActiveCfg = Release|Any CPU
		{BA0E3CDB-D44C-4154-9DF3-60DE5C4766BD}.Release|Mixed Platforms.Build.0 = Release|Any CPU
		{BA0E3CDB-D44C-4154-9DF3-60DE5C4766BD}.Release|x86.ActiveCfg = Release|Any CPU
		{BA0E3CDB-D44C-4154-9DF3-60DE5C4766BD}.Standard|Any CPU.ActiveCfg = Release|Any CPU
		{BA0E3CDB-D44C-4154-9DF3-60DE5C4766BD}.Standard|Any CPU.Build.0 = Release|Any CPU
		{BA0E3CDB-D44C-4154-9DF3-60DE5C4766BD}.Standard|Mixed Platforms.ActiveCfg = Release|Any CPU
		{BA0E3CDB-D44C-4154-9DF3-60DE5C4766BD}.Standard|Mixed Platforms.Build.0 = Release|Any CPU
		{BA0E3CDB-D44C-4154-9DF3-60DE5C4766BD}.Standard|x86.ActiveCfg = Release|Any CPU
		{BA0E3CDB-D44C-4154-9DF3-60DE5C4766BD}.xxx|Any CPU.ActiveCfg = Release|Any CPU
		{BA0E3CDB-D44C-4154-9DF3-60DE5C4766BD}.xxx|Any CPU.Build.0 = Release|Any CPU
		{BA0E3CDB-D44C-4154-9DF3-60DE5C4766BD}.xxx|Mixed Platforms.ActiveCfg = Release|Any CPU
		{BA0E3CDB-D44C-4154-9DF3-60DE5C4766BD}.xxx|Mixed Platforms.Build.0 = Release|Any CPU
		{BA0E3CDB-D44C-4154-9DF3-60DE5C4766BD}.xxx|x86.ActiveCfg = Release|Any CPU
		{99430C0A-5B87-48E3-BF8D-E8A7FB7A2997}.Debug|Any CPU.ActiveCfg = Debug|x86
		{99430C0A-5B87-48E3-BF8D-E8A7FB7A2997}.Debug|Mixed Platforms.ActiveCfg = Debug|x86
		{99430C0A-5B87-48E3-BF8D-E8A7FB7A2997}.Debug|Mixed Platforms.Build.0 = Debug|x86
		{99430C0A-5B87-48E3-BF8D-E8A7FB7A2997}.Debug|x86.ActiveCfg = Debug|x86
		{99430C0A-5B87-48E3-BF8D-E8A7FB7A2997}.Debug|x86.Build.0 = Debug|x86
		{99430C0A-5B87-48E3-BF8D-E8A7FB7A2997}.Release|Any CPU.ActiveCfg = Release|x86
		{99430C0A-5B87-48E3-BF8D-E8A7FB7A2997}.Release|Mixed Platforms.ActiveCfg = Release|x86
		{99430C0A-5B87-48E3-BF8D-E8A7FB7A2997}.Release|Mixed Platforms.Build.0 = Release|x86
		{99430C0A-5B87-48E3-BF8D-E8A7FB7A2997}.Release|x86.ActiveCfg = Release|x86
		{99430C0A-5B87-48E3-BF8D-E8A7FB7A2997}.Release|x86.Build.0 = Release|x86
		{99430C0A-5B87-48E3-BF8D-E8A7FB7A2997}.Standard|Any CPU.ActiveCfg = Release|x86
		{99430C0A-5B87-48E3-BF8D-E8A7FB7A2997}.Standard|Mixed Platforms.ActiveCfg = Release|x86
		{99430C0A-5B87-48E3-BF8D-E8A7FB7A2997}.Standard|Mixed Platforms.Build.0 = Release|x86
		{99430C0A-5B87-48E3-BF8D-E8A7FB7A2997}.Standard|x86.ActiveCfg = Release|x86
		{99430C0A-5B87-48E3-BF8D-E8A7FB7A2997}.Standard|x86.Build.0 = Release|x86
		{99430C0A-5B87-48E3-BF8D-E8A7FB7A2997}.xxx|Any CPU.ActiveCfg = Release|x86
		{99430C0A-5B87-48E3-BF8D-E8A7FB7A2997}.xxx|Mixed Platforms.ActiveCfg = Release|x86
		{99430C0A-5B87-48E3-BF8D-E8A7FB7A2997}.xxx|Mixed Platforms.Build.0 = Release|x86
		{99430C0A-5B87-48E3-BF8D-E8A7FB7A2997}.xxx|x86.ActiveCfg = Release|x86
		{99430C0A-5B87-48E3-BF8D-E8A7FB7A2997}.xxx|x86.Build.0 = Release|x86
		{4D0568CA-67D4-491E-8697-2EA23FF0FE5C}.Debug|Any CPU.ActiveCfg = Debug|Any CPU
		{4D0568CA-67D4-491E-8697-2EA23FF0FE5C}.Debug|Any CPU.Build.0 = Debug|Any CPU
		{4D0568CA-67D4-491E-8697-2EA23FF0FE5C}.Debug|Mixed Platforms.ActiveCfg = Debug|Any CPU
		{4D0568CA-67D4-491E-8697-2EA23FF0FE5C}.Debug|Mixed Platforms.Build.0 = Debug|Any CPU
		{4D0568CA-67D4-491E-8697-2EA23FF0FE5C}.Debug|x86.ActiveCfg = Debug|Any CPU
		{4D0568CA-67D4-491E-8697-2EA23FF0FE5C}.Release|Any CPU.ActiveCfg = Release|Any CPU
		{4D0568CA-67D4-491E-8697-2EA23FF0FE5C}.Release|Any CPU.Build.0 = Release|Any CPU
		{4D0568CA-67D4-491E-8697-2EA23FF0FE5C}.Release|Mixed Platforms.ActiveCfg = Release|Any CPU
		{4D0568CA-67D4-491E-8697-2EA23FF0FE5C}.Release|x86.ActiveCfg = Release|Any CPU
		{4D0568CA-67D4-491E-8697-2EA23FF0FE5C}.Standard|Any CPU.ActiveCfg = Release|Any CPU
		{4D0568CA-67D4-491E-8697-2EA23FF0FE5C}.Standard|Any CPU.Build.0 = Release|Any CPU
		{4D0568CA-67D4-491E-8697-2EA23FF0FE5C}.Standard|Mixed Platforms.ActiveCfg = Release|Any CPU
		{4D0568CA-67D4-491E-8697-2EA23FF0FE5C}.Standard|Mixed Platforms.Build.0 = Release|Any CPU
		{4D0568CA-67D4-491E-8697-2EA23FF0FE5C}.Standard|x86.ActiveCfg = Release|Any CPU
		{4D0568CA-67D4-491E-8697-2EA23FF0FE5C}.xxx|Any CPU.ActiveCfg = Release|Any CPU
		{4D0568CA-67D4-491E-8697-2EA23FF0FE5C}.xxx|Any CPU.Build.0 = Release|Any CPU
		{4D0568CA-67D4-491E-8697-2EA23FF0FE5C}.xxx|Mixed Platforms.ActiveCfg = Release|Any CPU
		{4D0568CA-67D4-491E-8697-2EA23FF0FE5C}.xxx|Mixed Platforms.Build.0 = Release|Any CPU
		{4D0568CA-67D4-491E-8697-2EA23FF0FE5C}.xxx|x86.ActiveCfg = Release|Any CPU
		{F0D15459-DC04-44CE-BD58-F3F0F76E1445}.Debug|Any CPU.ActiveCfg = Debug|x86
		{F0D15459-DC04-44CE-BD58-F3F0F76E1445}.Debug|Mixed Platforms.ActiveCfg = Debug|x86
		{F0D15459-DC04-44CE-BD58-F3F0F76E1445}.Debug|Mixed Platforms.Build.0 = Debug|x86
		{F0D15459-DC04-44CE-BD58-F3F0F76E1445}.Debug|x86.ActiveCfg = Debug|x86
		{F0D15459-DC04-44CE-BD58-F3F0F76E1445}.Debug|x86.Build.0 = Debug|x86
		{F0D15459-DC04-44CE-BD58-F3F0F76E1445}.Release|Any CPU.ActiveCfg = Release|x86
		{F0D15459-DC04-44CE-BD58-F3F0F76E1445}.Release|Mixed Platforms.ActiveCfg = Release|x86
		{F0D15459-DC04-44CE-BD58-F3F0F76E1445}.Release|x86.ActiveCfg = Release|x86
		{F0D15459-DC04-44CE-BD58-F3F0F76E1445}.Release|x86.Build.0 = Release|x86
		{F0D15459-DC04-44CE-BD58-F3F0F76E1445}.Standard|Any CPU.ActiveCfg = Release|x86
		{F0D15459-DC04-44CE-BD58-F3F0F76E1445}.Standard|Mixed Platforms.ActiveCfg = Release|x86
		{F0D15459-DC04-44CE-BD58-F3F0F76E1445}.Standard|Mixed Platforms.Build.0 = Release|x86
		{F0D15459-DC04-44CE-BD58-F3F0F76E1445}.Standard|x86.ActiveCfg = Release|x86
		{F0D15459-DC04-44CE-BD58-F3F0F76E1445}.Standard|x86.Build.0 = Release|x86
		{F0D15459-DC04-44CE-BD58-F3F0F76E1445}.xxx|Any CPU.ActiveCfg = Release|x86
		{F0D15459-DC04-44CE-BD58-F3F0F76E1445}.xxx|Mixed Platforms.ActiveCfg = Release|x86
		{F0D15459-DC04-44CE-BD58-F3F0F76E1445}.xxx|Mixed Platforms.Build.0 = Release|x86
		{F0D15459-DC04-44CE-BD58-F3F0F76E1445}.xxx|x86.ActiveCfg = Release|x86
		{F0D15459-DC04-44CE-BD58-F3F0F76E1445}.xxx|x86.Build.0 = Release|x86
		{F21CD747-0D55-4F92-ACA3-FBD794FE8485}.Debug|Any CPU.ActiveCfg = Debug|x86
		{F21CD747-0D55-4F92-ACA3-FBD794FE8485}.Debug|Mixed Platforms.ActiveCfg = Debug|x86
		{F21CD747-0D55-4F92-ACA3-FBD794FE8485}.Debug|Mixed Platforms.Build.0 = Debug|x86
		{F21CD747-0D55-4F92-ACA3-FBD794FE8485}.Debug|x86.ActiveCfg = Debug|x86
		{F21CD747-0D55-4F92-ACA3-FBD794FE8485}.Debug|x86.Build.0 = Debug|x86
		{F21CD747-0D55-4F92-ACA3-FBD794FE8485}.Release|Any CPU.ActiveCfg = Release|x86
		{F21CD747-0D55-4F92-ACA3-FBD794FE8485}.Release|Mixed Platforms.ActiveCfg = Release|x86
		{F21CD747-0D55-4F92-ACA3-FBD794FE8485}.Release|x86.ActiveCfg = Release|x86
		{F21CD747-0D55-4F92-ACA3-FBD794FE8485}.Release|x86.Build.0 = Release|x86
		{F21CD747-0D55-4F92-ACA3-FBD794FE8485}.Standard|Any CPU.ActiveCfg = Release|x86
		{F21CD747-0D55-4F92-ACA3-FBD794FE8485}.Standard|Mixed Platforms.ActiveCfg = Release|x86
		{F21CD747-0D55-4F92-ACA3-FBD794FE8485}.Standard|Mixed Platforms.Build.0 = Release|x86
		{F21CD747-0D55-4F92-ACA3-FBD794FE8485}.Standard|x86.ActiveCfg = Release|x86
		{F21CD747-0D55-4F92-ACA3-FBD794FE8485}.Standard|x86.Build.0 = Release|x86
		{F21CD747-0D55-4F92-ACA3-FBD794FE8485}.xxx|Any CPU.ActiveCfg = Release|x86
		{F21CD747-0D55-4F92-ACA3-FBD794FE8485}.xxx|Mixed Platforms.ActiveCfg = Release|x86
		{F21CD747-0D55-4F92-ACA3-FBD794FE8485}.xxx|Mixed Platforms.Build.0 = Release|x86
		{F21CD747-0D55-4F92-ACA3-FBD794FE8485}.xxx|x86.ActiveCfg = Release|x86
		{F21CD747-0D55-4F92-ACA3-FBD794FE8485}.xxx|x86.Build.0 = Release|x86
		{DB7F0DF8-2878-4F3B-82AF-E8C22AD5145F}.Debug|Any CPU.ActiveCfg = Debug|x86
		{DB7F0DF8-2878-4F3B-82AF-E8C22AD5145F}.Debug|Mixed Platforms.ActiveCfg = Debug|x86
		{DB7F0DF8-2878-4F3B-82AF-E8C22AD5145F}.Debug|Mixed Platforms.Build.0 = Debug|x86
		{DB7F0DF8-2878-4F3B-82AF-E8C22AD5145F}.Debug|x86.ActiveCfg = Debug|x86
		{DB7F0DF8-2878-4F3B-82AF-E8C22AD5145F}.Debug|x86.Build.0 = Debug|x86
		{DB7F0DF8-2878-4F3B-82AF-E8C22AD5145F}.Release|Any CPU.ActiveCfg = Release|x86
		{DB7F0DF8-2878-4F3B-82AF-E8C22AD5145F}.Release|Mixed Platforms.ActiveCfg = Release|x86
		{DB7F0DF8-2878-4F3B-82AF-E8C22AD5145F}.Release|Mixed Platforms.Build.0 = Release|x86
		{DB7F0DF8-2878-4F3B-82AF-E8C22AD5145F}.Release|x86.ActiveCfg = Release|x86
		{DB7F0DF8-2878-4F3B-82AF-E8C22AD5145F}.Release|x86.Build.0 = Release|x86
		{DB7F0DF8-2878-4F3B-82AF-E8C22AD5145F}.Standard|Any CPU.ActiveCfg = Release|x86
		{DB7F0DF8-2878-4F3B-82AF-E8C22AD5145F}.Standard|Mixed Platforms.ActiveCfg = Release|x86
		{DB7F0DF8-2878-4F3B-82AF-E8C22AD5145F}.Standard|Mixed Platforms.Build.0 = Release|x86
		{DB7F0DF8-2878-4F3B-82AF-E8C22AD5145F}.Standard|x86.ActiveCfg = Release|x86
		{DB7F0DF8-2878-4F3B-82AF-E8C22AD5145F}.Standard|x86.Build.0 = Release|x86
		{DB7F0DF8-2878-4F3B-82AF-E8C22AD5145F}.xxx|Any CPU.ActiveCfg = Release|x86
		{DB7F0DF8-2878-4F3B-82AF-E8C22AD5145F}.xxx|Mixed Platforms.ActiveCfg = Release|x86
		{DB7F0DF8-2878-4F3B-82AF-E8C22AD5145F}.xxx|Mixed Platforms.Build.0 = Release|x86
		{DB7F0DF8-2878-4F3B-82AF-E8C22AD5145F}.xxx|x86.ActiveCfg = Release|x86
		{DB7F0DF8-2878-4F3B-82AF-E8C22AD5145F}.xxx|x86.Build.0 = Release|x86
		{F8B54D7E-97F1-4D94-8F80-51333713FBD4}.Debug|Any CPU.ActiveCfg = Debug|x86
		{F8B54D7E-97F1-4D94-8F80-51333713FBD4}.Debug|Mixed Platforms.ActiveCfg = Debug|x86
		{F8B54D7E-97F1-4D94-8F80-51333713FBD4}.Debug|Mixed Platforms.Build.0 = Debug|x86
		{F8B54D7E-97F1-4D94-8F80-51333713FBD4}.Debug|x86.ActiveCfg = Debug|x86
		{F8B54D7E-97F1-4D94-8F80-51333713FBD4}.Debug|x86.Build.0 = Debug|x86
		{F8B54D7E-97F1-4D94-8F80-51333713FBD4}.Release|Any CPU.ActiveCfg = Release|x86
		{F8B54D7E-97F1-4D94-8F80-51333713FBD4}.Release|Mixed Platforms.ActiveCfg = Release|x86
		{F8B54D7E-97F1-4D94-8F80-51333713FBD4}.Release|Mixed Platforms.Build.0 = Release|x86
		{F8B54D7E-97F1-4D94-8F80-51333713FBD4}.Release|x86.ActiveCfg = Release|x86
		{F8B54D7E-97F1-4D94-8F80-51333713FBD4}.Release|x86.Build.0 = Release|x86
		{F8B54D7E-97F1-4D94-8F80-51333713FBD4}.Standard|Any CPU.ActiveCfg = Release|x86
		{F8B54D7E-97F1-4D94-8F80-51333713FBD4}.Standard|Mixed Platforms.ActiveCfg = Release|x86
		{F8B54D7E-97F1-4D94-8F80-51333713FBD4}.Standard|Mixed Platforms.Build.0 = Release|x86
		{F8B54D7E-97F1-4D94-8F80-51333713FBD4}.Standard|x86.ActiveCfg = Release|x86
		{F8B54D7E-97F1-4D94-8F80-51333713FBD4}.Standard|x86.Build.0 = Release|x86
		{F8B54D7E-97F1-4D94-8F80-51333713FBD4}.xxx|Any CPU.ActiveCfg = Release|x86
		{F8B54D7E-97F1-4D94-8F80-51333713FBD4}.xxx|Mixed Platforms.ActiveCfg = Release|x86
		{F8B54D7E-97F1-4D94-8F80-51333713FBD4}.xxx|Mixed Platforms.Build.0 = Release|x86
		{F8B54D7E-97F1-4D94-8F80-51333713FBD4}.xxx|x86.ActiveCfg = Release|x86
		{F8B54D7E-97F1-4D94-8F80-51333713FBD4}.xxx|x86.Build.0 = Release|x86
		{AEDC0E02-F37A-41AD-9AA9-6488D26C6718}.Debug|Any CPU.ActiveCfg = Debug|x86
		{AEDC0E02-F37A-41AD-9AA9-6488D26C6718}.Debug|Mixed Platforms.ActiveCfg = Debug|x86
		{AEDC0E02-F37A-41AD-9AA9-6488D26C6718}.Debug|Mixed Platforms.Build.0 = Debug|x86
		{AEDC0E02-F37A-41AD-9AA9-6488D26C6718}.Debug|x86.ActiveCfg = Debug|x86
		{AEDC0E02-F37A-41AD-9AA9-6488D26C6718}.Debug|x86.Build.0 = Debug|x86
		{AEDC0E02-F37A-41AD-9AA9-6488D26C6718}.Release|Any CPU.ActiveCfg = Release|x86
		{AEDC0E02-F37A-41AD-9AA9-6488D26C6718}.Release|Mixed Platforms.ActiveCfg = Release|x86
		{AEDC0E02-F37A-41AD-9AA9-6488D26C6718}.Release|Mixed Platforms.Build.0 = Release|x86
		{AEDC0E02-F37A-41AD-9AA9-6488D26C6718}.Release|x86.ActiveCfg = Release|x86
		{AEDC0E02-F37A-41AD-9AA9-6488D26C6718}.Release|x86.Build.0 = Release|x86
		{AEDC0E02-F37A-41AD-9AA9-6488D26C6718}.Standard|Any CPU.ActiveCfg = Release|x86
		{AEDC0E02-F37A-41AD-9AA9-6488D26C6718}.Standard|Mixed Platforms.ActiveCfg = Release|x86
		{AEDC0E02-F37A-41AD-9AA9-6488D26C6718}.Standard|Mixed Platforms.Build.0 = Release|x86
		{AEDC0E02-F37A-41AD-9AA9-6488D26C6718}.Standard|x86.ActiveCfg = Release|x86
		{AEDC0E02-F37A-41AD-9AA9-6488D26C6718}.Standard|x86.Build.0 = Release|x86
		{AEDC0E02-F37A-41AD-9AA9-6488D26C6718}.xxx|Any CPU.ActiveCfg = Release|x86
		{AEDC0E02-F37A-41AD-9AA9-6488D26C6718}.xxx|Mixed Platforms.ActiveCfg = Release|x86
		{AEDC0E02-F37A-41AD-9AA9-6488D26C6718}.xxx|Mixed Platforms.Build.0 = Release|x86
		{AEDC0E02-F37A-41AD-9AA9-6488D26C6718}.xxx|x86.ActiveCfg = Release|x86
		{AEDC0E02-F37A-41AD-9AA9-6488D26C6718}.xxx|x86.Build.0 = Release|x86
	EndGlobalSection
	GlobalSection(SolutionProperties) = preSolution
		HideSolutionNode = FALSE
	EndGlobalSection
	GlobalSection(NestedProjects) = preSolution
		{3AE4977D-378E-4B00-8C45-4B8AA316F928} = {0E628EAF-27EC-49E3-9BF5-26113A5F8576}
		{DF80870E-3F74-46C9-8DC8-A35F2406D7D4} = {0E628EAF-27EC-49E3-9BF5-26113A5F8576}
		{9237CAAC-CF56-4B80-B342-017750844091} = {0E628EAF-27EC-49E3-9BF5-26113A5F8576}
		{7C507905-F63B-4AB7-8DA5-9AD6D3C076D5} = {0E628EAF-27EC-49E3-9BF5-26113A5F8576}
		{480FC105-A82F-40D7-9AA3-68DA7FEBBCBE} = {0E628EAF-27EC-49E3-9BF5-26113A5F8576}
		{6E73FC8A-1859-4FEC-8757-75FBB3ABAD79} = {0E628EAF-27EC-49E3-9BF5-26113A5F8576}
		{BD8F3D8A-9CE9-404F-913D-A440F6716D56} = {CCAD0AF2-0B14-4083-8930-E17E1282F8B7}
		{507A7F44-98A1-49E6-B9EE-CC875F92AA47} = {CCAD0AF2-0B14-4083-8930-E17E1282F8B7}
		{820C0CFF-DC3A-4031-A63B-73A20309D600} = {BD8F3D8A-9CE9-404F-913D-A440F6716D56}
		{BD923366-7D82-4871-B41F-E2B3151DD843} = {BD8F3D8A-9CE9-404F-913D-A440F6716D56}
		{E04F9D7F-A4DE-4796-AE20-F7936162A14B} = {BD8F3D8A-9CE9-404F-913D-A440F6716D56}
		{28FDFF7A-1F13-42D9-8A76-83D24596D7BA} = {BD8F3D8A-9CE9-404F-913D-A440F6716D56}
		{D90BA021-5EC5-42E9-9FBA-B848E04B7689} = {BD8F3D8A-9CE9-404F-913D-A440F6716D56}
		{ACE22606-0EFC-414F-AD83-5589DDA4E20E} = {BD8F3D8A-9CE9-404F-913D-A440F6716D56}
		{0950AF1F-243A-4FA6-B363-BA0BF842E625} = {BD8F3D8A-9CE9-404F-913D-A440F6716D56}
		{A5DA4D21-EEA2-4B15-AA3F-4AE2F30C06AE} = {BD8F3D8A-9CE9-404F-913D-A440F6716D56}
		{BA0E3CDB-D44C-4154-9DF3-60DE5C4766BD} = {BD8F3D8A-9CE9-404F-913D-A440F6716D56}
		{99430C0A-5B87-48E3-BF8D-E8A7FB7A2997} = {BD8F3D8A-9CE9-404F-913D-A440F6716D56}
		{4D0568CA-67D4-491E-8697-2EA23FF0FE5C} = {BD8F3D8A-9CE9-404F-913D-A440F6716D56}
		{F0D15459-DC04-44CE-BD58-F3F0F76E1445} = {BD8F3D8A-9CE9-404F-913D-A440F6716D56}
		{F21CD747-0D55-4F92-ACA3-FBD794FE8485} = {BD8F3D8A-9CE9-404F-913D-A440F6716D56}
		{F8B54D7E-97F1-4D94-8F80-51333713FBD4} = {BD8F3D8A-9CE9-404F-913D-A440F6716D56}
		{056E4CAC-F6BC-489C-B80C-ED42635FF26E} = {507A7F44-98A1-49E6-B9EE-CC875F92AA47}
		{037FB31E-465E-4382-A7C9-AEEFD617BECB} = {EECD9DE1-32E7-4C9C-9EB6-91295B1C5CDE}
		{F58A0E2E-5435-4F5E-B156-D2F5717FCFB9} = {EECD9DE1-32E7-4C9C-9EB6-91295B1C5CDE}
		{428FD852-3576-4683-A298-F8E4471EE098} = {EECD9DE1-32E7-4C9C-9EB6-91295B1C5CDE}
		{DB7F0DF8-2878-4F3B-82AF-E8C22AD5145F} = {EECD9DE1-32E7-4C9C-9EB6-91295B1C5CDE}
		{D5E4CE00-7402-4DA9-9860-667C6B83E12D} = {1F5BBB99-DA61-4250-B6E0-4DB3A0573A4F}
		{1F6F0F39-5F1C-4776-B93E-87B61999FF10} = {1F5BBB99-DA61-4250-B6E0-4DB3A0573A4F}
		{6662B784-A60A-41C2-AC22-E5CE141CDDCD} = {1F5BBB99-DA61-4250-B6E0-4DB3A0573A4F}
		{A6D78600-0F88-4C99-A604-9AB16684475C} = {1F5BBB99-DA61-4250-B6E0-4DB3A0573A4F}
		{AEDC0E02-F37A-41AD-9AA9-6488D26C6718} = {1F5BBB99-DA61-4250-B6E0-4DB3A0573A4F}
	EndGlobalSection
	GlobalSection(SubversionScc) = preSolution
		Svn-Managed = True
		Manager = AnkhSVN - Subversion Support for Visual Studio
	EndGlobalSection
	GlobalSection(PowerDesigner) = preSolution
		HasSWS = 1
	EndGlobalSection
EndGlobal
